
Microsoft Visual Studio Solution File, Format Version 12.00
# Visual Studio Version 16
VisualStudioVersion = 16.0.29609.76
MinimumVisualStudioVersion = 10.0.40219.1
Project("{FAE04EC0-301F-11D3-BF4B-00C04F79EFBC}") = "OOPPractice3", "OOPPractice3.csproj", "{67A12BC3-AA2C-4169-A5F5-EE93A3BC5EBE}"
EndProject
Global
	GlobalSection(SolutionConfigurationPlatforms) = preSolution
		Debug|Any CPU = Debug|Any CPU
		Release|Any CPU = Release|Any CPU
	EndGlobalSection
	GlobalSection(ProjectConfigurationPlatforms) = postSolution
		{67A12BC3-AA2C-4169-A5F5-EE93A3BC5EBE}.Debug|Any CPU.ActiveCfg = Debug|Any CPU
		{67A12BC3-AA2C-4169-A5F5-EE93A3BC5EBE}.Debug|Any CPU.Build.0 = Debug|Any CPU
		{67A12BC3-AA2C-4169-A5F5-EE93A3BC5EBE}.Release|Any CPU.ActiveCfg = Release|Any CPU
		{67A12BC3-AA2C-4169-A5F5-EE93A3BC5EBE}.Release|Any CPU.Build.0 = Release|Any CPU
	EndGlobalSection
	GlobalSection(SolutionProperties) = preSolution
		HideSolutionNode = FALSE
	EndGlobalSection
	GlobalSection(ExtensibilityGlobals) = postSolution
		SolutionGuid = {30BC2C9C-E2FD-450E-A50F-A17DE77AA1F3}
	EndGlobalSection
EndGlobal
